
Microsoft Visual Studio Solution File, Format Version 12.00
# Visual Studio Version 17
VisualStudioVersion = 17.7.34003.232
MinimumVisualStudioVersion = 10.0.40219.1
Project("{FAE04EC0-301F-11D3-BF4B-00C04F79EFBC}") = "project", "project.csproj", "{E0A1B01B-CC7E-44A9-B0DD-EFDC150DE4D0}"
EndProject
Global
	GlobalSection(SolutionConfigurationPlatforms) = preSolution
		Debug|Any CPU = Debug|Any CPU
		Release|Any CPU = Release|Any CPU
	EndGlobalSection
	GlobalSection(ProjectConfigurationPlatforms) = postSolution
		{E0A1B01B-CC7E-44A9-B0DD-EFDC150DE4D0}.Debug|Any CPU.ActiveCfg = Debug|Any CPU
		{E0A1B01B-CC7E-44A9-B0DD-EFDC150DE4D0}.Debug|Any CPU.Build.0 = Debug|Any CPU
		{E0A1B01B-CC7E-44A9-B0DD-EFDC150DE4D0}.Release|Any CPU.ActiveCfg = Release|Any CPU
		{E0A1B01B-CC7E-44A9-B0DD-EFDC150DE4D0}.Release|Any CPU.Build.0 = Release|Any CPU
	EndGlobalSection
	GlobalSection(SolutionProperties) = preSolution
		HideSolutionNode = FALSE
	EndGlobalSection
	GlobalSection(ExtensibilityGlobals) = postSolution
		SolutionGuid = {5599C692-7F9B-4B56-A3D6-94C9282D4BD9}
	EndGlobalSection
EndGlobal
